github.com/InkProject/ink.go v0.0.0-20160120061933-86de6d066e8d h1:cKKHWaSZqckOTguui9bShV83raKxQKpTB9X4M7WbeaY=
github.com/InkProject/ink.go v0.0.0-20160120061933-86de6d066e8d/go.mod h1:sGm8pED0mDi7pXIgjvCf7/m7LMmLSWpz3bhtB8KoKL8=
github.com/cpuguy83/go-md2man/v2 v2.0.7 h1:zbFlGlXEAKlwXpmvle3d8Oe3YnkKIK4xSRTd3sHPnBo=
github.com/cpuguy83/go-md2man/v2 v2.0.7/go.mod h1:oOW0eioCTA6cOiMLiUPZOpcVxMig6NIQQ7OS05n1F4g=
github.com/edwardrf/symwalk v0.1.0 h1:NAakDFfWD1ef65UDiYREFvWiu1+RqRC2dJIDXJdpFjM=
github.com/edwardrf/symwalk v0.1.0/go.mod h1:qlC1zULcOcrPbB0Mog6yENGnszBOdCM59+rLC6g607Y=
github.com/fsnotify/fsnotify v1.9.0 h1:2Ml+OJNzbYCTzsxtv8vKSFD9PbJjmhYF14k/jKC7S9k=
github.com/fsnotify/fsnotify v1.9.0/go.mod h1:8jBTzvmWwFyi3Pb8djgCCO5IBqzKJ/Jwo8TRcHyHii0=
github.com/go-test/deep v1.1.0 h1:WOcxcdHcvdgThNXjw0t76K42FXTU7HpNQWHpA2HHNlg=
github.com/go-test/deep v1.1.0/go.mod h1:5C2ZWiW0ErCdrYzpqxLbTX7MG14M9iiw8DgHncVwcsE=
github.com/gomarkdown/markdown v0.0.0-20250311123330-531bef5e742b h1:EY/KpStFl60qA17CptGXhwfZ+k1sFNJIUNR8DdbcuUk=
github.com/gomarkdown/markdown v0.0.0-20250311123330-531bef5e742b/go.mod h1:JDGcbDT52eL4fju3sZ4TeHGsQwhG9nbDV21aMyhwPoA=
github.com/gorilla/feeds v1.2.0 h1:O6pBiXJ5JHhPvqy53NsjKOThq+dNFm8+DFrxBEdzSCc=
github.com/gorilla/feeds v1.2.0/go.mod h1:WMib8uJP3BbY+X8Szd1rA5Pzhdfh+HCCAYT2z7Fza6Y=
github.com/gorilla/websocket v1.5.3 h1:saDtZ6Pbx/0u+bgYQ3q96pZgCzfhKXGPqt7kZ72aNNg=
github.com/gorilla/websocket v1.5.3/go.mod h1:YR8l580nyteQvAITg2hZ9XVh4b55+EU/adAjf1fMHhE=
github.com/kr/pretty v0.3.1 h1:flRD4NNwYAUpkphVc1HcthR4KEIFJ65n8Mw5qdRn3LE=
github.com/kr/pretty v0.3.1/go.mod h1:hoEshYVHaxMs3cyo3Yncou5ZscifuDolrwPKZanG3xk=
github.com/kr/text v0.2.0 h1:5Nx0Ya0ZqY2ygV366QzturHI13Jq95ApcVaJBhpS+AY=
github.com/kr/text v0.2.0/go.mod h1:eLer722TekiGuMkidMxC/pM04lWEeraHUUmBw8l2grE=
github.com/rogpeppe/go-internal v1.9.0 h1:73kH8U+JUqXU8lRuOHeVHaa/SZPifC7BkcraZVejAe8=
github.com/rogpeppe/go-internal v1.9.0/go.mod h1:WtVeX8xhTBvf0smdhujwtBcq4Qrzq/fJaraNFVN+nFs=
github.com/russross/blackfriday/v2 v2.1.0 h1:JIOH55/0cWyOuilr9/qlrm0BSXldqnqwMsf35Ld67mk=
github.com/russross/blackfriday/v2 v2.1.0/go.mod h1:+Rmxgy9KzJVeS9/2gXHxylqXiyQDYRxCVz55jmeOWTM=
github.com/snabb/diagio v1.0.4 h1:XnlKoBarZWiAEnNBYE5t1nbvJhdaoTaW7IBzu0R4AqM=
github.com/snabb/diagio v1.0.4/go.mod h1:Y+Pja4UJrskCOKaLxOfa8b8wYSVb0JWpR4YFNHuzjDI=
github.com/snabb/sitemap v1.0.4 h1:BC6cPW5jXLsKWtlYQKD2s1W58CarvNzqOmdl680uQPw=
github.com/snabb/sitemap v1.0.4/go.mod h1:815/fxQQ8Tt7Eqwe8Lcat4ax73zuHyPxWBZySnbaxkc=
github.com/urfave/cli/v2 v2.27.7 h1:bH59vdhbjLv3LAvIu6gd0usJHgoTTPhCFib8qqOwXYU=
github.com/urfave/cli/v2 v2.27.7/go.mod h1:CyNAG/xg+iAOg0N4MPGZqVmv2rCoP267496AOXUZjA4=
github.com/xrash/smetrics v0.0.0-20240521201337-686a1a2994c1 h1:gEOO8jv9F4OT7lGCjxCBTO/36wtF6j2nSip77qHd4x4=
github.com/xrash/smetrics v0.0.0-20240521201337-686a1a2994c1/go.mod h1:Ohn+xnUBiLI6FVj/9LpzZWtj1/D6lUovWYBkxHVV3aM=
golang.org/x/sys v0.33.0 h1:q3i8TbbEz+JRD9ywIRlyRAQbM0qF7hu24q3teo2hbuw=
golang.org/x/sys v0.33.0/go.mod h1:BJP2sWEmIv4KK5OTEluFJCKSidICx8ciO85XgH3Ak8k=
gopkg.in/check.v1 v0.0.0-20161208181325-20d25e280405 h1:yhCVgyC4o1eVCa2tZl7eS0r+SDo693bJlVdllGtEeKM=
gopkg.in/check.v1 v0.0.0-20161208181325-20d25e280405/go.mod h1:Co6ibVJAznAaIkqp8huTwlJQCZ016jof/cbN4VW5Yz0=
gopkg.in/yaml.v2 v2.4.0 h1:D8xgwECY7CYvx+Y2n4sBz93Jn9JRvxdiyyo8CTfuKaY=
gopkg.in/yaml.v2 v2.4.0/go.mod h1:RDklbk79AGWmwhnvt/jBztapEOGDOx6ZbXqjP6csGnQ=
